
Microsoft Visual Studio Solution File, Format Version 12.00
# Visual Studio Version 17
VisualStudioVersion = 17.7.34221.43
MinimumVisualStudioVersion = 10.0.40219.1
Project("{FAE04EC0-301F-11D3-BF4B-00C04F79EFBC}") = "BestStoreApi", "BestStoreApi\BestStoreApi.csproj", "{0EEA59B4-C777-438C-B6A2-F1214C4C6DA6}"
EndProject
Global
	GlobalSection(SolutionConfigurationPlatforms) = preSolution
		Debug|Any CPU = Debug|Any CPU
		Release|Any CPU = Release|Any CPU
	EndGlobalSection
	GlobalSection(ProjectConfigurationPlatforms) = postSolution
		{0EEA59B4-C777-438C-B6A2-F1214C4C6DA6}.Debug|Any CPU.ActiveCfg = Debug|Any CPU
		{0EEA59B4-C777-438C-B6A2-F1214C4C6DA6}.Debug|Any CPU.Build.0 = Debug|Any CPU
		{0EEA59B4-C777-438C-B6A2-F1214C4C6DA6}.Release|Any CPU.ActiveCfg = Release|Any CPU
		{0EEA59B4-C777-438C-B6A2-F1214C4C6DA6}.Release|Any CPU.Build.0 = Release|Any CPU
	EndGlobalSection
	GlobalSection(SolutionProperties) = preSolution
		HideSolutionNode = FALSE
	EndGlobalSection
	GlobalSection(ExtensibilityGlobals) = postSolution
		SolutionGuid = {21F77BB2-D43D-4006-9E15-D5A85D28A115}
	EndGlobalSection
EndGlobal
